
Microsoft Visual Studio Solution File, Format Version 12.00
# Visual Studio Version 17
VisualStudioVersion = 17.4.33213.308
MinimumVisualStudioVersion = 10.0.40219.1
Project("{FAE04EC0-301F-11D3-BF4B-00C04F79EFBC}") = "Carrera Tarea 1", "Carrera Tarea 1\Carrera Tarea 1.csproj", "{334DB2C0-30E7-4AF0-9B9C-0D1FDD6C3BEC}"
EndProject
Global
	GlobalSection(SolutionConfigurationPlatforms) = preSolution
		Debug|Any CPU = Debug|Any CPU
		Release|Any CPU = Release|Any CPU
	EndGlobalSection
	GlobalSection(ProjectConfigurationPlatforms) = postSolution
		{334DB2C0-30E7-4AF0-9B9C-0D1FDD6C3BEC}.Debug|Any CPU.ActiveCfg = Debug|Any CPU
		{334DB2C0-30E7-4AF0-9B9C-0D1FDD6C3BEC}.Debug|Any CPU.Build.0 = Debug|Any CPU
		{334DB2C0-30E7-4AF0-9B9C-0D1FDD6C3BEC}.Release|Any CPU.ActiveCfg = Release|Any CPU
		{334DB2C0-30E7-4AF0-9B9C-0D1FDD6C3BEC}.Release|Any CPU.Build.0 = Release|Any CPU
	EndGlobalSection
	GlobalSection(SolutionProperties) = preSolution
		HideSolutionNode = FALSE
	EndGlobalSection
	GlobalSection(ExtensibilityGlobals) = postSolution
		SolutionGuid = {B8DB6185-6440-486A-98F9-BF6CA1368767}
	EndGlobalSection
EndGlobal
