
Microsoft Visual Studio Solution File, Format Version 12.00
# Visual Studio Version 17
VisualStudioVersion = 17.4.33213.308
MinimumVisualStudioVersion = 10.0.40219.1
Project("{FAE04EC0-301F-11D3-BF4B-00C04F79EFBC}") = "ModeloParcial", "ModeloParcial\ModeloParcial.csproj", "{B17C49C1-DE37-4D97-A0B9-E947AA64D1D9}"
EndProject
Global
	GlobalSection(SolutionConfigurationPlatforms) = preSolution
		Debug|Any CPU = Debug|Any CPU
		Release|Any CPU = Release|Any CPU
	EndGlobalSection
	GlobalSection(ProjectConfigurationPlatforms) = postSolution
		{B17C49C1-DE37-4D97-A0B9-E947AA64D1D9}.Debug|Any CPU.ActiveCfg = Debug|Any CPU
		{B17C49C1-DE37-4D97-A0B9-E947AA64D1D9}.Debug|Any CPU.Build.0 = Debug|Any CPU
		{B17C49C1-DE37-4D97-A0B9-E947AA64D1D9}.Release|Any CPU.ActiveCfg = Release|Any CPU
		{B17C49C1-DE37-4D97-A0B9-E947AA64D1D9}.Release|Any CPU.Build.0 = Release|Any CPU
	EndGlobalSection
	GlobalSection(SolutionProperties) = preSolution
		HideSolutionNode = FALSE
	EndGlobalSection
	GlobalSection(ExtensibilityGlobals) = postSolution
		SolutionGuid = {C8DCEABA-8090-48CA-B8AB-05E6B059B8A9}
	EndGlobalSection
EndGlobal
